// !$*UTF8*$!
{
	archiveVersion = 1;
	classes = {
	};
	objectVersion = 51;
	objects = {

/* Begin PBXBuildFile section */
		80B5E0E1FBBEDE80C68EA464 /* Pods_WorldWeather.framework in Frameworks */ = {isa = PBXBuildFile; fileRef = 0ED5540DC9C660195A43122C /* Pods_WorldWeather.framework */; };
		FA4071A4254514410026C75F /* CityAttractionCollectionViewCell.swift in Sources */ = {isa = PBXBuildFile; fileRef = FA4071A3254514410026C75F /* CityAttractionCollectionViewCell.swift */; };
		FA4071A72545149B0026C75F /* CityAttractionsListViewController.swift in Sources */ = {isa = PBXBuildFile; fileRef = FA4071A62545149B0026C75F /* CityAttractionsListViewController.swift */; };
		FA52D184254C72DE00A51E1C /* UIImageView+extension.swift in Sources */ = {isa = PBXBuildFile; fileRef = FA52D183254C72DE00A51E1C /* UIImageView+extension.swift */; };
		FA52D187254C82E100A51E1C /* FullTextViewController.swift in Sources */ = {isa = PBXBuildFile; fileRef = FA52D186254C82E100A51E1C /* FullTextViewController.swift */; };
		FA52D18E255050A300A51E1C /* UIColor+extension.swift in Sources */ = {isa = PBXBuildFile; fileRef = FA52D18D255050A300A51E1C /* UIColor+extension.swift */; };
		FA52D195255052A400A51E1C /* UIMapView+extension.swift in Sources */ = {isa = PBXBuildFile; fileRef = FA52D194255052A400A51E1C /* UIMapView+extension.swift */; };
		FA52D19B25506F4600A51E1C /* CoreDataManager.swift in Sources */ = {isa = PBXBuildFile; fileRef = FA52D19A25506F4600A51E1C /* CoreDataManager.swift */; };
		FA52D19F2550718A00A51E1C /* CityDictionary.swift in Sources */ = {isa = PBXBuildFile; fileRef = FA52D19E2550718A00A51E1C /* CityDictionary.swift */; };
		FA5CF27D253F68A900490228 /* AppDelegate.swift in Sources */ = {isa = PBXBuildFile; fileRef = FA5CF27C253F68A900490228 /* AppDelegate.swift */; };
		FA5CF27F253F68A900490228 /* SceneDelegate.swift in Sources */ = {isa = PBXBuildFile; fileRef = FA5CF27E253F68A900490228 /* SceneDelegate.swift */; };
		FA5CF287253F68A900490228 /* WorldWeatherData.xcdatamodeld in Sources */ = {isa = PBXBuildFile; fileRef = FA5CF285253F68A900490228 /* WorldWeatherData.xcdatamodeld */; };
		FA5CF289253F68AC00490228 /* Assets.xcassets in Resources */ = {isa = PBXBuildFile; fileRef = FA5CF288253F68AC00490228 /* Assets.xcassets */; };
		FA5CF28C253F68AC00490228 /* LaunchScreen.storyboard in Resources */ = {isa = PBXBuildFile; fileRef = FA5CF28A253F68AC00490228 /* LaunchScreen.storyboard */; };
		FA5CF298253F6EB800490228 /* MainSearchViewController.swift in Sources */ = {isa = PBXBuildFile; fileRef = FA5CF297253F6EB800490228 /* MainSearchViewController.swift */; };
		FA5CF29E2540649700490228 /* NetworkManagerManager.swift in Sources */ = {isa = PBXBuildFile; fileRef = FA5CF29D2540649700490228 /* NetworkManagerManager.swift */; };
		FA5CF2A1254064C500490228 /* DataCoordinatesModel.swift in Sources */ = {isa = PBXBuildFile; fileRef = FA5CF2A0254064C500490228 /* DataCoordinatesModel.swift */; };
		FA5CF2A325407B5100490228 /* DataWeatherModel.swift in Sources */ = {isa = PBXBuildFile; fileRef = FA5CF2A225407B5100490228 /* DataWeatherModel.swift */; };
		FA5CF2A52540BE6200490228 /* CityWeatherViewController.swift in Sources */ = {isa = PBXBuildFile; fileRef = FA5CF2A42540BE6200490228 /* CityWeatherViewController.swift */; };
		FA5CF2A72540DF4D00490228 /* HourlyWeatnerCollectionViewCell.swift in Sources */ = {isa = PBXBuildFile; fileRef = FA5CF2A62540DF4D00490228 /* HourlyWeatnerCollectionViewCell.swift */; };
		FA6093D62548C7FF0047B22F /* InformationAttractionViewController.swift in Sources */ = {isa = PBXBuildFile; fileRef = FA6093D52548C7FF0047B22F /* InformationAttractionViewController.swift */; };
		FA9C9F6F25430ADB0025E23A /* CustomDataModelForWeather.swift in Sources */ = {isa = PBXBuildFile; fileRef = FA9C9F6E25430ADB0025E23A /* CustomDataModelForWeather.swift */; };
		FA9C9F7525431B900025E23A /* DataCustomizerManager.swift in Sources */ = {isa = PBXBuildFile; fileRef = FA9C9F7425431B900025E23A /* DataCustomizerManager.swift */; };
		FA9C9F80254395920025E23A /* SectionHeader.swift in Sources */ = {isa = PBXBuildFile; fileRef = FA9C9F7F254395910025E23A /* SectionHeader.swift */; };
		FAB3EBE52551A048001E5EC9 /* CityData.plist in Resources */ = {isa = PBXBuildFile; fileRef = FAB3EBE42551A047001E5EC9 /* CityData.plist */; };
		FAB3EBF12552F651001E5EC9 /* FullMapViewController.swift in Sources */ = {isa = PBXBuildFile; fileRef = FAB3EBF02552F651001E5EC9 /* FullMapViewController.swift */; };
/* End PBXBuildFile section */

/* Begin PBXFileReference section */
		0ED5540DC9C660195A43122C /* Pods_WorldWeather.framework */ = {isa = PBXFileReference; explicitFileType = wrapper.framework; includeInIndex = 0; path = Pods_WorldWeather.framework; sourceTree = BUILT_PRODUCTS_DIR; };
		3032AF995BB2E3EAF6D1DEE8 /* Pods-WorldWeather.debug.xcconfig */ = {isa = PBXFileReference; includeInIndex = 1; lastKnownFileType = text.xcconfig; name = "Pods-WorldWeather.debug.xcconfig"; path = "Target Support Files/Pods-WorldWeather/Pods-WorldWeather.debug.xcconfig"; sourceTree = "<group>"; };
		E6EE56DDE6E0C98EC0321ECF /* Pods-WorldWeather.release.xcconfig */ = {isa = PBXFileReference; includeInIndex = 1; lastKnownFileType = text.xcconfig; name = "Pods-WorldWeather.release.xcconfig"; path = "Target Support Files/Pods-WorldWeather/Pods-WorldWeather.release.xcconfig"; sourceTree = "<group>"; };
		FA4071A3254514410026C75F /* CityAttractionCollectionViewCell.swift */ = {isa = PBXFileReference; lastKnownFileType = sourcecode.swift; path = CityAttractionCollectionViewCell.swift; sourceTree = "<group>"; };
		FA4071A62545149B0026C75F /* CityAttractionsListViewController.swift */ = {isa = PBXFileReference; lastKnownFileType = sourcecode.swift; path = CityAttractionsListViewController.swift; sourceTree = "<group>"; };
		FA52D183254C72DE00A51E1C /* UIImageView+extension.swift */ = {isa = PBXFileReference; lastKnownFileType = sourcecode.swift; path = "UIImageView+extension.swift"; sourceTree = "<group>"; };
		FA52D186254C82E100A51E1C /* FullTextViewController.swift */ = {isa = PBXFileReference; lastKnownFileType = sourcecode.swift; path = FullTextViewController.swift; sourceTree = "<group>"; };
		FA52D18D255050A300A51E1C /* UIColor+extension.swift */ = {isa = PBXFileReference; lastKnownFileType = sourcecode.swift; path = "UIColor+extension.swift"; sourceTree = "<group>"; };
		FA52D194255052A400A51E1C /* UIMapView+extension.swift */ = {isa = PBXFileReference; lastKnownFileType = sourcecode.swift; path = "UIMapView+extension.swift"; sourceTree = "<group>"; };
		FA52D19A25506F4600A51E1C /* CoreDataManager.swift */ = {isa = PBXFileReference; lastKnownFileType = sourcecode.swift; path = CoreDataManager.swift; sourceTree = "<group>"; };
		FA52D19E2550718A00A51E1C /* CityDictionary.swift */ = {isa = PBXFileReference; lastKnownFileType = sourcecode.swift; path = CityDictionary.swift; sourceTree = "<group>"; };
		FA5CF279253F68A900490228 /* WorldWeather.app */ = {isa = PBXFileReference; explicitFileType = wrapper.application; includeInIndex = 0; path = WorldWeather.app; sourceTree = BUILT_PRODUCTS_DIR; };
		FA5CF27C253F68A900490228 /* AppDelegate.swift */ = {isa = PBXFileReference; lastKnownFileType = sourcecode.swift; path = AppDelegate.swift; sourceTree = "<group>"; };
		FA5CF27E253F68A900490228 /* SceneDelegate.swift */ = {isa = PBXFileReference; lastKnownFileType = sourcecode.swift; path = SceneDelegate.swift; sourceTree = "<group>"; };
		FA5CF286253F68A900490228 /* WorldWeather.xcdatamodel */ = {isa = PBXFileReference; lastKnownFileType = wrapper.xcdatamodel; path = WorldWeather.xcdatamodel; sourceTree = "<group>"; };
		FA5CF288253F68AC00490228 /* Assets.xcassets */ = {isa = PBXFileReference; lastKnownFileType = folder.assetcatalog; path = Assets.xcassets; sourceTree = "<group>"; };
		FA5CF28B253F68AC00490228 /* Base */ = {isa = PBXFileReference; lastKnownFileType = file.storyboard; name = Base; path = Base.lproj/LaunchScreen.storyboard; sourceTree = "<group>"; };
		FA5CF28D253F68AC00490228 /* Info.plist */ = {isa = PBXFileReference; lastKnownFileType = text.plist.xml; path = Info.plist; sourceTree = "<group>"; };
		FA5CF297253F6EB800490228 /* MainSearchViewController.swift */ = {isa = PBXFileReference; lastKnownFileType = sourcecode.swift; path = MainSearchViewController.swift; sourceTree = "<group>"; };
		FA5CF29D2540649700490228 /* NetworkManagerManager.swift */ = {isa = PBXFileReference; lastKnownFileType = sourcecode.swift; path = NetworkManagerManager.swift; sourceTree = "<group>"; };
		FA5CF2A0254064C500490228 /* DataCoordinatesModel.swift */ = {isa = PBXFileReference; lastKnownFileType = sourcecode.swift; path = DataCoordinatesModel.swift; sourceTree = "<group>"; };
		FA5CF2A225407B5100490228 /* DataWeatherModel.swift */ = {isa = PBXFileReference; lastKnownFileType = sourcecode.swift; path = DataWeatherModel.swift; sourceTree = "<group>"; };
		FA5CF2A42540BE6200490228 /* CityWeatherViewController.swift */ = {isa = PBXFileReference; lastKnownFileType = sourcecode.swift; path = CityWeatherViewController.swift; sourceTree = "<group>"; wrapsLines = 0; };
		FA5CF2A62540DF4D00490228 /* HourlyWeatnerCollectionViewCell.swift */ = {isa = PBXFileReference; lastKnownFileType = sourcecode.swift; path = HourlyWeatnerCollectionViewCell.swift; sourceTree = "<group>"; };
		FA6093D52548C7FF0047B22F /* InformationAttractionViewController.swift */ = {isa = PBXFileReference; lastKnownFileType = sourcecode.swift; path = InformationAttractionViewController.swift; sourceTree = "<group>"; };
		FA9C9F6E25430ADB0025E23A /* CustomDataModelForWeather.swift */ = {isa = PBXFileReference; lastKnownFileType = sourcecode.swift; path = CustomDataModelForWeather.swift; sourceTree = "<group>"; };
		FA9C9F7425431B900025E23A /* DataCustomizerManager.swift */ = {isa = PBXFileReference; lastKnownFileType = sourcecode.swift; path = DataCustomizerManager.swift; sourceTree = "<group>"; };
		FA9C9F7F254395910025E23A /* SectionHeader.swift */ = {isa = PBXFileReference; lastKnownFileType = sourcecode.swift; path = SectionHeader.swift; sourceTree = "<group>"; };
		FAB3EBE42551A047001E5EC9 /* CityData.plist */ = {isa = PBXFileReference; lastKnownFileType = text.plist.xml; path = CityData.plist; sourceTree = "<group>"; };
		FAB3EBF02552F651001E5EC9 /* FullMapViewController.swift */ = {isa = PBXFileReference; lastKnownFileType = sourcecode.swift; path = FullMapViewController.swift; sourceTree = "<group>"; };
/* End PBXFileReference section */

/* Begin PBXFrameworksBuildPhase section */
		FA5CF276253F68A900490228 /* Frameworks */ = {
			isa = PBXFrameworksBuildPhase;
			buildActionMask = 2147483647;
			files = (
				80B5E0E1FBBEDE80C68EA464 /* Pods_WorldWeather.framework in Frameworks */,
			);
			runOnlyForDeploymentPostprocessing = 0;
		};
/* End PBXFrameworksBuildPhase section */

/* Begin PBXGroup section */
		0EA503D9CA45E35806A58C35 /* Frameworks */ = {
			isa = PBXGroup;
			children = (
				0ED5540DC9C660195A43122C /* Pods_WorldWeather.framework */,
			);
			name = Frameworks;
			sourceTree = "<group>";
		};
		5E5B5D9B7F703E1A4D9208A5 /* Pods */ = {
			isa = PBXGroup;
			children = (
				3032AF995BB2E3EAF6D1DEE8 /* Pods-WorldWeather.debug.xcconfig */,
				E6EE56DDE6E0C98EC0321ECF /* Pods-WorldWeather.release.xcconfig */,
			);
			path = Pods;
			sourceTree = "<group>";
		};
		FA52D1912550520100A51E1C /* Extensions */ = {
			isa = PBXGroup;
			children = (
				FA52D18D255050A300A51E1C /* UIColor+extension.swift */,
				FA52D183254C72DE00A51E1C /* UIImageView+extension.swift */,
				FA52D194255052A400A51E1C /* UIMapView+extension.swift */,
			);
			path = Extensions;
			sourceTree = "<group>";
		};
		FA52D1A1255081F300A51E1C /* AttractionListViews */ = {
			isa = PBXGroup;
			children = (
				FA4071A62545149B0026C75F /* CityAttractionsListViewController.swift */,
				FA4071A3254514410026C75F /* CityAttractionCollectionViewCell.swift */,
			);
			path = AttractionListViews;
			sourceTree = "<group>";
		};
		FA52D1A32550821200A51E1C /* InformationView */ = {
			isa = PBXGroup;
			children = (
				FA6093D52548C7FF0047B22F /* InformationAttractionViewController.swift */,
				FA52D186254C82E100A51E1C /* FullTextViewController.swift */,
				FAB3EBF02552F651001E5EC9 /* FullMapViewController.swift */,
			);
			path = InformationView;
			sourceTree = "<group>";
		};
		FA5CF270253F68A900490228 = {
			isa = PBXGroup;
			children = (
				FA5CF27B253F68A900490228 /* WorldWeather */,
				FA5CF27A253F68A900490228 /* Products */,
				5E5B5D9B7F703E1A4D9208A5 /* Pods */,
				0EA503D9CA45E35806A58C35 /* Frameworks */,
			);
			sourceTree = "<group>";
		};
		FA5CF27A253F68A900490228 /* Products */ = {
			isa = PBXGroup;
			children = (
				FA5CF279253F68A900490228 /* WorldWeather.app */,
			);
			name = Products;
			sourceTree = "<group>";
		};
		FA5CF27B253F68A900490228 /* WorldWeather */ = {
			isa = PBXGroup;
			children = (
				FA9C9F7125431B420025E23A /* ViewControllers */,
				FA5CF29C2540647100490228 /* Managers */,
				FA5CF29B253FA29000490228 /* Models */,
				FA5CF299253FA25D00490228 /* Delegates */,
				FA52D1912550520100A51E1C /* Extensions */,
				FA5CF29A253FA27300490228 /* SupportingFiles */,
			);
			path = WorldWeather;
			sourceTree = "<group>";
		};
		FA5CF299253FA25D00490228 /* Delegates */ = {
			isa = PBXGroup;
			children = (
				FA5CF27C253F68A900490228 /* AppDelegate.swift */,
				FA5CF27E253F68A900490228 /* SceneDelegate.swift */,
			);
			path = Delegates;
			sourceTree = "<group>";
		};
		FA5CF29A253FA27300490228 /* SupportingFiles */ = {
			isa = PBXGroup;
			children = (
				FA5CF288253F68AC00490228 /* Assets.xcassets */,
				FA5CF28A253F68AC00490228 /* LaunchScreen.storyboard */,
				FA5CF28D253F68AC00490228 /* Info.plist */,
				FA52D19E2550718A00A51E1C /* CityDictionary.swift */,
				FAB3EBE42551A047001E5EC9 /* CityData.plist */,
			);
			path = SupportingFiles;
			sourceTree = "<group>";
		};
		FA5CF29B253FA29000490228 /* Models */ = {
			isa = PBXGroup;
			children = (
				FA5CF285253F68A900490228 /* WorldWeatherData.xcdatamodeld */,
				FA5CF2A0254064C500490228 /* DataCoordinatesModel.swift */,
				FA5CF2A225407B5100490228 /* DataWeatherModel.swift */,
				FA9C9F6E25430ADB0025E23A /* CustomDataModelForWeather.swift */,
			);
			path = Models;
			sourceTree = "<group>";
		};
		FA5CF29C2540647100490228 /* Managers */ = {
			isa = PBXGroup;
			children = (
				FA5CF29D2540649700490228 /* NetworkManagerManager.swift */,
				FA9C9F7425431B900025E23A /* DataCustomizerManager.swift */,
				FA52D19A25506F4600A51E1C /* CoreDataManager.swift */,
			);
			path = Managers;
			sourceTree = "<group>";
		};
		FA9C9F7125431B420025E23A /* ViewControllers */ = {
			isa = PBXGroup;
			children = (
				FA5CF297253F6EB800490228 /* MainSearchViewController.swift */,
				FA9C9F87254477C40025E23A /* WeatherCollectionView */,
				FA52D1A1255081F300A51E1C /* AttractionListViews */,
				FA52D1A32550821200A51E1C /* InformationView */,
			);
			path = ViewControllers;
			sourceTree = "<group>";
		};
		FA9C9F87254477C40025E23A /* WeatherCollectionView */ = {
			isa = PBXGroup;
			children = (
				FA5CF2A42540BE6200490228 /* CityWeatherViewController.swift */,
				FA5CF2A62540DF4D00490228 /* HourlyWeatnerCollectionViewCell.swift */,
				FA9C9F7F254395910025E23A /* SectionHeader.swift */,
			);
			path = WeatherCollectionView;
			sourceTree = "<group>";
		};
/* End PBXGroup section */

/* Begin PBXNativeTarget section */
		FA5CF278253F68A900490228 /* WorldWeather */ = {
			isa = PBXNativeTarget;
			buildConfigurationList = FA5CF290253F68AC00490228 /* Build configuration list for PBXNativeTarget "WorldWeather" */;
			buildPhases = (
				CC377AE440557E7885E80483 /* [CP] Check Pods Manifest.lock */,
				FA5CF275253F68A900490228 /* Sources */,
				FA5CF276253F68A900490228 /* Frameworks */,
				FA5CF277253F68A900490228 /* Resources */,
				63ECD42DC20FE1BEA5F3DF7F /* [CP] Embed Pods Frameworks */,
			);
			buildRules = (
			);
			dependencies = (
			);
			name = WorldWeather;
			productName = WorldWeather;
			productReference = FA5CF279253F68A900490228 /* WorldWeather.app */;
			productType = "com.apple.product-type.application";
		};
/* End PBXNativeTarget section */

/* Begin PBXProject section */
		FA5CF271253F68A900490228 /* Project object */ = {
			isa = PBXProject;
			attributes = {
				LastSwiftUpdateCheck = 1160;
				LastUpgradeCheck = 1200;
				ORGANIZATIONNAME = "Igor Simonov";
				TargetAttributes = {
					FA5CF278253F68A900490228 = {
						CreatedOnToolsVersion = 11.6;
					};
				};
			};
			buildConfigurationList = FA5CF274253F68A900490228 /* Build configuration list for PBXProject "WorldWeather" */;
			compatibilityVersion = "Xcode 9.3";
			developmentRegion = en;
			hasScannedForEncodings = 0;
			knownRegions = (
				en,
				Base,
			);
			mainGroup = FA5CF270253F68A900490228;
			productRefGroup = FA5CF27A253F68A900490228 /* Products */;
			projectDirPath = "";
			projectRoot = "";
			targets = (
				FA5CF278253F68A900490228 /* WorldWeather */,
			);
		};
/* End PBXProject section */

/* Begin PBXResourcesBuildPhase section */
		FA5CF277253F68A900490228 /* Resources */ = {
			isa = PBXResourcesBuildPhase;
			buildActionMask = 2147483647;
			files = (
				FA5CF28C253F68AC00490228 /* LaunchScreen.storyboard in Resources */,
				FA5CF289253F68AC00490228 /* Assets.xcassets in Resources */,
				FAB3EBE52551A048001E5EC9 /* CityData.plist in Resources */,
			);
			runOnlyForDeploymentPostprocessing = 0;
		};
/* End PBXResourcesBuildPhase section */

/* Begin PBXShellScriptBuildPhase section */
		63ECD42DC20FE1BEA5F3DF7F /* [CP] Embed Pods Frameworks */ = {
			isa = PBXShellScriptBuildPhase;
			buildActionMask = 2147483647;
			files = (
			);
			inputFileListPaths = (
				"${PODS_ROOT}/Target Support Files/Pods-WorldWeather/Pods-WorldWeather-frameworks-${CONFIGURATION}-input-files.xcfilelist",
			);
			name = "[CP] Embed Pods Frameworks";
			outputFileListPaths = (
				"${PODS_ROOT}/Target Support Files/Pods-WorldWeather/Pods-WorldWeather-frameworks-${CONFIGURATION}-output-files.xcfilelist",
			);
			runOnlyForDeploymentPostprocessing = 0;
			shellPath = /bin/sh;
			shellScript = "\"${PODS_ROOT}/Target Support Files/Pods-WorldWeather/Pods-WorldWeather-frameworks.sh\"\n";
			showEnvVarsInLog = 0;
		};
		CC377AE440557E7885E80483 /* [CP] Check Pods Manifest.lock */ = {
			isa = PBXShellScriptBuildPhase;
			buildActionMask = 2147483647;
			files = (
			);
			inputFileListPaths = (
			);
			inputPaths = (
				"${PODS_PODFILE_DIR_PATH}/Podfile.lock",
				"${PODS_ROOT}/Manifest.lock",
			);
			name = "[CP] Check Pods Manifest.lock";
			outputFileListPaths = (
			);
			outputPaths = (
				"$(DERIVED_FILE_DIR)/Pods-WorldWeather-checkManifestLockResult.txt",
			);
			runOnlyForDeploymentPostprocessing = 0;
			shellPath = /bin/sh;
			shellScript = "diff \"${PODS_PODFILE_DIR_PATH}/Podfile.lock\" \"${PODS_ROOT}/Manifest.lock\" > /dev/null\nif [ $? != 0 ] ; then\n    # print error to STDERR\n    echo \"error: The sandbox is not in sync with the Podfile.lock. Run 'pod install' or update your CocoaPods installation.\" >&2\n    exit 1\nfi\n# This output is used by Xcode 'outputs' to avoid re-running this script phase.\necho \"SUCCESS\" > \"${SCRIPT_OUTPUT_FILE_0}\"\n";
			showEnvVarsInLog = 0;
		};
/* End PBXShellScriptBuildPhase section */

/* Begin PBXSourcesBuildPhase section */
		FA5CF275253F68A900490228 /* Sources */ = {
			isa = PBXSourcesBuildPhase;
			buildActionMask = 2147483647;
			files = (
				FA9C9F6F25430ADB0025E23A /* CustomDataModelForWeather.swift in Sources */,
				FA5CF287253F68A900490228 /* WorldWeatherData.xcdatamodeld in Sources */,
				FA5CF2A72540DF4D00490228 /* HourlyWeatnerCollectionViewCell.swift in Sources */,
				FA52D195255052A400A51E1C /* UIMapView+extension.swift in Sources */,
				FA52D187254C82E100A51E1C /* FullTextViewController.swift in Sources */,
				FA5CF27D253F68A900490228 /* AppDelegate.swift in Sources */,
				FA6093D62548C7FF0047B22F /* InformationAttractionViewController.swift in Sources */,
				FA52D184254C72DE00A51E1C /* UIImageView+extension.swift in Sources */,
				FA5CF2A52540BE6200490228 /* CityWeatherViewController.swift in Sources */,
				FA4071A72545149B0026C75F /* CityAttractionsListViewController.swift in Sources */,
				FA5CF29E2540649700490228 /* NetworkManagerManager.swift in Sources */,
				FA5CF2A325407B5100490228 /* DataWeatherModel.swift in Sources */,
				FA52D19F2550718A00A51E1C /* CityDictionary.swift in Sources */,
				FA52D19B25506F4600A51E1C /* CoreDataManager.swift in Sources */,
				FAB3EBF12552F651001E5EC9 /* FullMapViewController.swift in Sources */,
				FA9C9F7525431B900025E23A /* DataCustomizerManager.swift in Sources */,
				FA9C9F80254395920025E23A /* SectionHeader.swift in Sources */,
				FA5CF27F253F68A900490228 /* SceneDelegate.swift in Sources */,
				FA52D18E255050A300A51E1C /* UIColor+extension.swift in Sources */,
				FA5CF2A1254064C500490228 /* DataCoordinatesModel.swift in Sources */,
				FA4071A4254514410026C75F /* CityAttractionCollectionViewCell.swift in Sources */,
				FA5CF298253F6EB800490228 /* MainSearchViewController.swift in Sources */,
			);
			runOnlyForDeploymentPostprocessing = 0;
		};
/* End PBXSourcesBuildPhase section */

/* Begin PBXVariantGroup section */
		FA5CF28A253F68AC00490228 /* LaunchScreen.storyboard */ = {
			isa = PBXVariantGroup;
			children = (
				FA5CF28B253F68AC00490228 /* Base */,
			);
			name = LaunchScreen.storyboard;
			sourceTree = "<group>";
		};
/* End PBXVariantGroup section */

/* Begin XCBuildConfiguration section */
		FA5CF28E253F68AC00490228 /* Debug */ = {
			isa = XCBuildConfiguration;
			buildSettings = {
				ALWAYS_SEARCH_USER_PATHS = NO;
				CLANG_ANALYZER_NONNULL = YES;
				CLANG_ANALYZER_NUMBER_OBJECT_CONVERSION = YES_AGGRESSIVE;
				CLANG_CXX_LANGUAGE_STANDARD = "gnu++14";
				CLANG_CXX_LIBRARY = "libc++";
				CLANG_ENABLE_MODULES = YES;
				CLANG_ENABLE_OBJC_ARC = YES;
				CLANG_ENABLE_OBJC_WEAK = YES;
				CLANG_WARN_BLOCK_CAPTURE_AUTORELEASING = YES;
				CLANG_WARN_BOOL_CONVERSION = YES;
				CLANG_WARN_COMMA = YES;
				CLANG_WARN_CONSTANT_CONVERSION = YES;
				CLANG_WARN_DEPRECATED_OBJC_IMPLEMENTATIONS = YES;
				CLANG_WARN_DIRECT_OBJC_ISA_USAGE = YES_ERROR;
				CLANG_WARN_DOCUMENTATION_COMMENTS = YES;
				CLANG_WARN_EMPTY_BODY = YES;
				CLANG_WARN_ENUM_CONVERSION = YES;
				CLANG_WARN_INFINITE_RECURSION = YES;
				CLANG_WARN_INT_CONVERSION = YES;
				CLANG_WARN_NON_LITERAL_NULL_CONVERSION = YES;
				CLANG_WARN_OBJC_IMPLICIT_RETAIN_SELF = YES;
				CLANG_WARN_OBJC_LITERAL_CONVERSION = YES;
				CLANG_WARN_OBJC_ROOT_CLASS = YES_ERROR;
				CLANG_WARN_QUOTED_INCLUDE_IN_FRAMEWORK_HEADER = YES;
				CLANG_WARN_RANGE_LOOP_ANALYSIS = YES;
				CLANG_WARN_STRICT_PROTOTYPES = YES;
				CLANG_WARN_SUSPICIOUS_MOVE = YES;
				CLANG_WARN_UNGUARDED_AVAILABILITY = YES_AGGRESSIVE;
				CLANG_WARN_UNREACHABLE_CODE = YES;
				CLANG_WARN__DUPLICATE_METHOD_MATCH = YES;
				COPY_PHASE_STRIP = NO;
				DEBUG_INFORMATION_FORMAT = dwarf;
				ENABLE_STRICT_OBJC_MSGSEND = YES;
				ENABLE_TESTABILITY = YES;
				GCC_C_LANGUAGE_STANDARD = gnu11;
				GCC_DYNAMIC_NO_PIC = NO;
				GCC_NO_COMMON_BLOCKS = YES;
				GCC_OPTIMIZATION_LEVEL = 0;
				GCC_PREPROCESSOR_DEFINITIONS = (
					"DEBUG=1",
					"$(inherited)",
				);
				GCC_WARN_64_TO_32_BIT_CONVERSION = YES;
				GCC_WARN_ABOUT_RETURN_TYPE = YES_ERROR;
				GCC_WARN_UNDECLARED_SELECTOR = YES;
				GCC_WARN_UNINITIALIZED_AUTOS = YES_AGGRESSIVE;
				GCC_WARN_UNUSED_FUNCTION = YES;
				GCC_WARN_UNUSED_VARIABLE = YES;
				IPHONEOS_DEPLOYMENT_TARGET = 13.6;
				MTL_ENABLE_DEBUG_INFO = INCLUDE_SOURCE;
				MTL_FAST_MATH = YES;
				ONLY_ACTIVE_ARCH = YES;
				SDKROOT = iphoneos;
				SWIFT_ACTIVE_COMPILATION_CONDITIONS = DEBUG;
				SWIFT_OPTIMIZATION_LEVEL = "-Onone";
			};
			name = Debug;
		};
		FA5CF28F253F68AC00490228 /* Release */ = {
			isa = XCBuildConfiguration;
			buildSettings = {
				ALWAYS_SEARCH_USER_PATHS = NO;
				CLANG_ANALYZER_NONNULL = YES;
				CLANG_ANALYZER_NUMBER_OBJECT_CONVERSION = YES_AGGRESSIVE;
				CLANG_CXX_LANGUAGE_STANDARD = "gnu++14";
				CLANG_CXX_LIBRARY = "libc++";
				CLANG_ENABLE_MODULES = YES;
				CLANG_ENABLE_OBJC_ARC = YES;
				CLANG_ENABLE_OBJC_WEAK = YES;
				CLANG_WARN_BLOCK_CAPTURE_AUTORELEASING = YES;
				CLANG_WARN_BOOL_CONVERSION = YES;
				CLANG_WARN_COMMA = YES;
				CLANG_WARN_CONSTANT_CONVERSION = YES;
				CLANG_WARN_DEPRECATED_OBJC_IMPLEMENTATIONS = YES;
				CLANG_WARN_DIRECT_OBJC_ISA_USAGE = YES_ERROR;
				CLANG_WARN_DOCUMENTATION_COMMENTS = YES;
				CLANG_WARN_EMPTY_BODY = YES;
				CLANG_WARN_ENUM_CONVERSION = YES;
				CLANG_WARN_INFINITE_RECURSION = YES;
				CLANG_WARN_INT_CONVERSION = YES;
				CLANG_WARN_NON_LITERAL_NULL_CONVERSION = YES;
				CLANG_WARN_OBJC_IMPLICIT_RETAIN_SELF = YES;
				CLANG_WARN_OBJC_LITERAL_CONVERSION = YES;
				CLANG_WARN_OBJC_ROOT_CLASS = YES_ERROR;
				CLANG_WARN_QUOTED_INCLUDE_IN_FRAMEWORK_HEADER = YES;
				CLANG_WARN_RANGE_LOOP_ANALYSIS = YES;
				CLANG_WARN_STRICT_PROTOTYPES = YES;
				CLANG_WARN_SUSPICIOUS_MOVE = YES;
				CLANG_WARN_UNGUARDED_AVAILABILITY = YES_AGGRESSIVE;
				CLANG_WARN_UNREACHABLE_CODE = YES;
				CLANG_WARN__DUPLICATE_METHOD_MATCH = YES;
				COPY_PHASE_STRIP = NO;
				DEBUG_INFORMATION_FORMAT = "dwarf-with-dsym";
				ENABLE_NS_ASSERTIONS = NO;
				ENABLE_STRICT_OBJC_MSGSEND = YES;
				GCC_C_LANGUAGE_STANDARD = gnu11;
				GCC_NO_COMMON_BLOCKS = YES;
				GCC_WARN_64_TO_32_BIT_CONVERSION = YES;
				GCC_WARN_ABOUT_RETURN_TYPE = YES_ERROR;
				GCC_WARN_UNDECLARED_SELECTOR = YES;
				GCC_WARN_UNINITIALIZED_AUTOS = YES_AGGRESSIVE;
				GCC_WARN_UNUSED_FUNCTION = YES;
				GCC_WARN_UNUSED_VARIABLE = YES;
				IPHONEOS_DEPLOYMENT_TARGET = 13.6;
				MTL_ENABLE_DEBUG_INFO = NO;
				MTL_FAST_MATH = YES;
				SDKROOT = iphoneos;
				SWIFT_COMPILATION_MODE = wholemodule;
				SWIFT_OPTIMIZATION_LEVEL = "-O";
				VALIDATE_PRODUCT = YES;
			};
			name = Release;
		};
		FA5CF291253F68AC00490228 /* Debug */ = {
			isa = XCBuildConfiguration;
			baseConfigurationReference = 3032AF995BB2E3EAF6D1DEE8 /* Pods-WorldWeather.debug.xcconfig */;
			buildSettings = {
				ASSETCATALOG_COMPILER_APPICON_NAME = AppIcon;
				CODE_SIGN_STYLE = Automatic;
				DEVELOPMENT_TEAM = 85629WGS3Z;
				INFOPLIST_FILE = WorldWeather/SupportingFiles/Info.plist;
				LD_RUNPATH_SEARCH_PATHS = (
					"$(inherited)",
					"@executable_path/Frameworks",
				);
				PRODUCT_BUNDLE_IDENTIFIER = maker1703.WorldWeather;
				PRODUCT_NAME = "$(TARGET_NAME)";
				SWIFT_VERSION = 5.0;
				TARGETED_DEVICE_FAMILY = "1,2";
			};
			name = Debug;
		};
		FA5CF292253F68AC00490228 /* Release */ = {
			isa = XCBuildConfiguration;
			baseConfigurationReference = E6EE56DDE6E0C98EC0321ECF /* Pods-WorldWeather.release.xcconfig */;
			buildSettings = {
				ASSETCATALOG_COMPILER_APPICON_NAME = AppIcon;
				CODE_SIGN_STYLE = Automatic;
				DEVELOPMENT_TEAM = 85629WGS3Z;
				INFOPLIST_FILE = WorldWeather/SupportingFiles/Info.plist;
				LD_RUNPATH_SEARCH_PATHS = (
					"$(inherited)",
					"@executable_path/Frameworks",
				);
				PRODUCT_BUNDLE_IDENTIFIER = maker1703.WorldWeather;
				PRODUCT_NAME = "$(TARGET_NAME)";
				SWIFT_VERSION = 5.0;
				TARGETED_DEVICE_FAMILY = "1,2";
			};
			name = Release;
		};
/* End XCBuildConfiguration section */

/* Begin XCConfigurationList section */
		FA5CF274253F68A900490228 /* Build configuration list for PBXProject "WorldWeather" */ = {
			isa = XCConfigurationList;
			buildConfigurations = (
				FA5CF28E253F68AC00490228 /* Debug */,
				FA5CF28F253F68AC00490228 /* Release */,
			);
			defaultConfigurationIsVisible = 0;
			defaultConfigurationName = Release;
		};
		FA5CF290253F68AC00490228 /* Build configuration list for PBXNativeTarget "WorldWeather" */ = {
			isa = XCConfigurationList;
			buildConfigurations = (
				FA5CF291253F68AC00490228 /* Debug */,
				FA5CF292253F68AC00490228 /* Release */,
			);
			defaultConfigurationIsVisible = 0;
			defaultConfigurationName = Release;
		};
/* End XCConfigurationList section */

/* Begin XCVersionGroup section */
		FA5CF285253F68A900490228 /* WorldWeatherData.xcdatamodeld */ = {
			isa = XCVersionGroup;
			children = (
				FA5CF286253F68A900490228 /* WorldWeather.xcdatamodel */,
			);
			currentVersion = FA5CF286253F68A900490228 /* WorldWeather.xcdatamodel */;
			path = WorldWeatherData.xcdatamodeld;
			sourceTree = "<group>";
			versionGroupType = wrapper.xcdatamodel;
		};
/* End XCVersionGroup section */
	};
	rootObject = FA5CF271253F68A900490228 /* Project object */;
}
